
Microsoft Visual Studio Solution File, Format Version 12.00
# Visual Studio Version 17
VisualStudioVersion = 17.7.34221.43
MinimumVisualStudioVersion = 10.0.40219.1
Project("{9A19103F-16F7-4668-BE54-9A1E7A4F7556}") = "StartPoint", "StartPoint.csproj", "{8EEC4F0C-4C2A-4A9A-8EE2-2F374DB35FC2}"
EndProject
Project("{9A19103F-16F7-4668-BE54-9A1E7A4F7556}") = "FactoryPattern", "..\FactoryPattern\FactoryPattern.csproj", "{AEEA3CA1-0C60-4940-A52E-82D1D3B29AC5}"
EndProject
Project("{9A19103F-16F7-4668-BE54-9A1E7A4F7556}") = "AbstractFactoryPattern", "..\AbstractFactoryPattern\AbstractFactoryPattern.csproj", "{2445F5BC-92C9-4D72-94DA-EDAAB69C7ADB}"
EndProject
Project("{9A19103F-16F7-4668-BE54-9A1E7A4F7556}") = "BuilderPattern", "..\BuilderPattern\BuilderPattern.csproj", "{20DD3CC3-AF14-4FB0-8573-898261D57828}"
EndProject
Project("{FAE04EC0-301F-11D3-BF4B-00C04F79EFBC}") = "Prototypepattern", "..\Prototypepattern\Prototypepattern.csproj", "{BAB57D0C-FF85-4C62-8BC1-3B8E69DA40E1}"
EndProject
Global
	GlobalSection(SolutionConfigurationPlatforms) = preSolution
		Debug|Any CPU = Debug|Any CPU
		Release|Any CPU = Release|Any CPU
	EndGlobalSection
	GlobalSection(ProjectConfigurationPlatforms) = postSolution
		{8EEC4F0C-4C2A-4A9A-8EE2-2F374DB35FC2}.Debug|Any CPU.ActiveCfg = Debug|Any CPU
		{8EEC4F0C-4C2A-4A9A-8EE2-2F374DB35FC2}.Debug|Any CPU.Build.0 = Debug|Any CPU
		{8EEC4F0C-4C2A-4A9A-8EE2-2F374DB35FC2}.Release|Any CPU.ActiveCfg = Release|Any CPU
		{8EEC4F0C-4C2A-4A9A-8EE2-2F374DB35FC2}.Release|Any CPU.Build.0 = Release|Any CPU
		{AEEA3CA1-0C60-4940-A52E-82D1D3B29AC5}.Debug|Any CPU.ActiveCfg = Debug|Any CPU
		{AEEA3CA1-0C60-4940-A52E-82D1D3B29AC5}.Debug|Any CPU.Build.0 = Debug|Any CPU
		{AEEA3CA1-0C60-4940-A52E-82D1D3B29AC5}.Release|Any CPU.ActiveCfg = Release|Any CPU
		{AEEA3CA1-0C60-4940-A52E-82D1D3B29AC5}.Release|Any CPU.Build.0 = Release|Any CPU
		{2445F5BC-92C9-4D72-94DA-EDAAB69C7ADB}.Debug|Any CPU.ActiveCfg = Debug|Any CPU
		{2445F5BC-92C9-4D72-94DA-EDAAB69C7ADB}.Debug|Any CPU.Build.0 = Debug|Any CPU
		{2445F5BC-92C9-4D72-94DA-EDAAB69C7ADB}.Release|Any CPU.ActiveCfg = Release|Any CPU
		{2445F5BC-92C9-4D72-94DA-EDAAB69C7ADB}.Release|Any CPU.Build.0 = Release|Any CPU
		{20DD3CC3-AF14-4FB0-8573-898261D57828}.Debug|Any CPU.ActiveCfg = Debug|Any CPU
		{20DD3CC3-AF14-4FB0-8573-898261D57828}.Debug|Any CPU.Build.0 = Debug|Any CPU
		{20DD3CC3-AF14-4FB0-8573-898261D57828}.Release|Any CPU.ActiveCfg = Release|Any CPU
		{20DD3CC3-AF14-4FB0-8573-898261D57828}.Release|Any CPU.Build.0 = Release|Any CPU
		{BAB57D0C-FF85-4C62-8BC1-3B8E69DA40E1}.Debug|Any CPU.ActiveCfg = Debug|Any CPU
		{BAB57D0C-FF85-4C62-8BC1-3B8E69DA40E1}.Debug|Any CPU.Build.0 = Debug|Any CPU
		{BAB57D0C-FF85-4C62-8BC1-3B8E69DA40E1}.Release|Any CPU.ActiveCfg = Release|Any CPU
		{BAB57D0C-FF85-4C62-8BC1-3B8E69DA40E1}.Release|Any CPU.Build.0 = Release|Any CPU
	EndGlobalSection
	GlobalSection(SolutionProperties) = preSolution
		HideSolutionNode = FALSE
	EndGlobalSection
	GlobalSection(ExtensibilityGlobals) = postSolution
		SolutionGuid = {667A685A-556D-497E-B1FC-D6FD9A25C72B}
	EndGlobalSection
EndGlobal
